
Microsoft Visual Studio Solution File, Format Version 12.00
# Visual Studio Version 16
VisualStudioVersion = 16.0.30717.126
MinimumVisualStudioVersion = 10.0.40219.1
Project("{FAE04EC0-301F-11D3-BF4B-00C04F79EFBC}") = "LogosWeb", "LogosWeb\LogosWeb.csproj", "{AF84D015-B566-491C-A01C-960C21A1CC1C}"
EndProject
Global
	GlobalSection(SolutionConfigurationPlatforms) = preSolution
		Debug|Any CPU = Debug|Any CPU
		Release|Any CPU = Release|Any CPU
	EndGlobalSection
	GlobalSection(ProjectConfigurationPlatforms) = postSolution
		{AF84D015-B566-491C-A01C-960C21A1CC1C}.Debug|Any CPU.ActiveCfg = Debug|Any CPU
		{AF84D015-B566-491C-A01C-960C21A1CC1C}.Debug|Any CPU.Build.0 = Debug|Any CPU
		{AF84D015-B566-491C-A01C-960C21A1CC1C}.Release|Any CPU.ActiveCfg = Release|Any CPU
		{AF84D015-B566-491C-A01C-960C21A1CC1C}.Release|Any CPU.Build.0 = Release|Any CPU
	EndGlobalSection
	GlobalSection(SolutionProperties) = preSolution
		HideSolutionNode = FALSE
	EndGlobalSection
	GlobalSection(ExtensibilityGlobals) = postSolution
		SolutionGuid = {AA2A847A-0CC5-4CE7-AA45-3BDF7101A691}
	EndGlobalSection
EndGlobal
